
Microsoft Visual Studio Solution File, Format Version 12.00
# Visual Studio Version 16
VisualStudioVersion = 16.0.30330.147
MinimumVisualStudioVersion = 10.0.40219.1
Project("{FAE04EC0-301F-11D3-BF4B-00C04F79EFBC}") = "AlunoProva", "AlunoProva\AlunoProva.csproj", "{EA147D26-3B2D-4803-B322-EF8B5F3F9AF9}"
EndProject
Global
	GlobalSection(SolutionConfigurationPlatforms) = preSolution
		Debug|Any CPU = Debug|Any CPU
		Release|Any CPU = Release|Any CPU
	EndGlobalSection
	GlobalSection(ProjectConfigurationPlatforms) = postSolution
		{EA147D26-3B2D-4803-B322-EF8B5F3F9AF9}.Debug|Any CPU.ActiveCfg = Debug|Any CPU
		{EA147D26-3B2D-4803-B322-EF8B5F3F9AF9}.Debug|Any CPU.Build.0 = Debug|Any CPU
		{EA147D26-3B2D-4803-B322-EF8B5F3F9AF9}.Release|Any CPU.ActiveCfg = Release|Any CPU
		{EA147D26-3B2D-4803-B322-EF8B5F3F9AF9}.Release|Any CPU.Build.0 = Release|Any CPU
	EndGlobalSection
	GlobalSection(SolutionProperties) = preSolution
		HideSolutionNode = FALSE
	EndGlobalSection
	GlobalSection(ExtensibilityGlobals) = postSolution
		SolutionGuid = {B08CE9EB-7184-45D3-9E8B-07B1914A02D0}
	EndGlobalSection
EndGlobal
